// !$*UTF8*$!
{
	archiveVersion = 1;
	classes = {
	};
	objectVersion = 46;
	objects = {

/* Begin PBXBuildFile section */
		041B73F61C967B110009D043 /* AppDelegate.swift in Sources */ = {isa = PBXBuildFile; fileRef = 041B73F51C967B110009D043 /* AppDelegate.swift */; };
		041B73F81C967B110009D043 /* ViewController.swift in Sources */ = {isa = PBXBuildFile; fileRef = 041B73F71C967B110009D043 /* ViewController.swift */; };
		041B73FB1C967B110009D043 /* Main.storyboard in Resources */ = {isa = PBXBuildFile; fileRef = 041B73F91C967B110009D043 /* Main.storyboard */; };
		041B73FE1C967B110009D043 /* sampleCustomCamera.xcdatamodeld in Sources */ = {isa = PBXBuildFile; fileRef = 041B73FC1C967B110009D043 /* sampleCustomCamera.xcdatamodeld */; };
		041B74001C967B110009D043 /* Assets.xcassets in Resources */ = {isa = PBXBuildFile; fileRef = 041B73FF1C967B110009D043 /* Assets.xcassets */; };
		041B74031C967B110009D043 /* LaunchScreen.storyboard in Resources */ = {isa = PBXBuildFile; fileRef = 041B74011C967B110009D043 /* LaunchScreen.storyboard */; };
		041B740E1C967B110009D043 /* sampleCustomCameraTests.swift in Sources */ = {isa = PBXBuildFile; fileRef = 041B740D1C967B110009D043 /* sampleCustomCameraTests.swift */; };
		041B74191C967B110009D043 /* sampleCustomCameraUITests.swift in Sources */ = {isa = PBXBuildFile; fileRef = 041B74181C967B110009D043 /* sampleCustomCameraUITests.swift */; };
		041B74281C967C0D0009D043 /* camera.png in Resources */ = {isa = PBXBuildFile; fileRef = 041B74271C967C0D0009D043 /* camera.png */; };
		041B742A1C967CB10009D043 /* WMCamera.swift in Sources */ = {isa = PBXBuildFile; fileRef = 041B74291C967CB10009D043 /* WMCamera.swift */; };
		041B74311C967DEE0009D043 /* AVFoundation.framework in Frameworks */ = {isa = PBXBuildFile; fileRef = 041B74301C967DEE0009D043 /* AVFoundation.framework */; };
		041B74331C967DF90009D043 /* AssetsLibrary.framework in Frameworks */ = {isa = PBXBuildFile; fileRef = 041B74321C967DF90009D043 /* AssetsLibrary.framework */; };
		041B74361C96AFC00009D043 /* flash.png in Resources */ = {isa = PBXBuildFile; fileRef = 041B74341C96AFC00009D043 /* flash.png */; };
		041B74371C96AFC00009D043 /* retry.png in Resources */ = {isa = PBXBuildFile; fileRef = 041B74351C96AFC00009D043 /* retry.png */; };
		0C83B68CE1E692070319988F /* Pods_sampleCustomCameraTests.framework in Frameworks */ = {isa = PBXBuildFile; fileRef = F45CD3BCF0172DCEF8DB2400 /* Pods_sampleCustomCameraTests.framework */; };
		2681E2C9057FE87E13358E9A /* Pods_sampleCustomCameraUITests.framework in Frameworks */ = {isa = PBXBuildFile; fileRef = 01C01DA2CBF9A962ED177B43 /* Pods_sampleCustomCameraUITests.framework */; };
		3CBFB12DF462C2EC51E84844 /* Pods_sampleCustomCamera.framework in Frameworks */ = {isa = PBXBuildFile; fileRef = 3FB6509DE57D60262303A09E /* Pods_sampleCustomCamera.framework */; };
		7A30DDF21D7A43C2006A8A27 /* test_local.mp4 in Resources */ = {isa = PBXBuildFile; fileRef = 7A30DDF11D7A43C2006A8A27 /* test_local.mp4 */; };
/* End PBXBuildFile section */

/* Begin PBXContainerItemProxy section */
		041B740A1C967B110009D043 /* PBXContainerItemProxy */ = {
			isa = PBXContainerItemProxy;
			containerPortal = 041B73EA1C967B110009D043 /* Project object */;
			proxyType = 1;
			remoteGlobalIDString = 041B73F11C967B110009D043;
			remoteInfo = sampleCustomCamera;
		};
		041B74151C967B110009D043 /* PBXContainerItemProxy */ = {
			isa = PBXContainerItemProxy;
			containerPortal = 041B73EA1C967B110009D043 /* Project object */;
			proxyType = 1;
			remoteGlobalIDString = 041B73F11C967B110009D043;
			remoteInfo = sampleCustomCamera;
		};
/* End PBXContainerItemProxy section */

/* Begin PBXFileReference section */
		01C01DA2CBF9A962ED177B43 /* Pods_sampleCustomCameraUITests.framework */ = {isa = PBXFileReference; explicitFileType = wrapper.framework; includeInIndex = 0; path = Pods_sampleCustomCameraUITests.framework; sourceTree = BUILT_PRODUCTS_DIR; };
		041B73F21C967B110009D043 /* sampleCustomCamera.app */ = {isa = PBXFileReference; explicitFileType = wrapper.application; includeInIndex = 0; path = sampleCustomCamera.app; sourceTree = BUILT_PRODUCTS_DIR; };
		041B73F51C967B110009D043 /* AppDelegate.swift */ = {isa = PBXFileReference; lastKnownFileType = sourcecode.swift; path = AppDelegate.swift; sourceTree = "<group>"; };
		041B73F71C967B110009D043 /* ViewController.swift */ = {isa = PBXFileReference; lastKnownFileType = sourcecode.swift; path = ViewController.swift; sourceTree = "<group>"; };
		041B73FA1C967B110009D043 /* Base */ = {isa = PBXFileReference; lastKnownFileType = file.storyboard; name = Base; path = Base.lproj/Main.storyboard; sourceTree = "<group>"; };
		041B73FD1C967B110009D043 /* sampleCustomCamera.xcdatamodel */ = {isa = PBXFileReference; lastKnownFileType = wrapper.xcdatamodel; path = sampleCustomCamera.xcdatamodel; sourceTree = "<group>"; };
		041B73FF1C967B110009D043 /* Assets.xcassets */ = {isa = PBXFileReference; lastKnownFileType = folder.assetcatalog; path = Assets.xcassets; sourceTree = "<group>"; };
		041B74021C967B110009D043 /* Base */ = {isa = PBXFileReference; lastKnownFileType = file.storyboard; name = Base; path = Base.lproj/LaunchScreen.storyboard; sourceTree = "<group>"; };
		041B74041C967B110009D043 /* Info.plist */ = {isa = PBXFileReference; lastKnownFileType = text.plist.xml; path = Info.plist; sourceTree = "<group>"; };
		041B74091C967B110009D043 /* sampleCustomCameraTests.xctest */ = {isa = PBXFileReference; explicitFileType = wrapper.cfbundle; includeInIndex = 0; path = sampleCustomCameraTests.xctest; sourceTree = BUILT_PRODUCTS_DIR; };
		041B740D1C967B110009D043 /* sampleCustomCameraTests.swift */ = {isa = PBXFileReference; lastKnownFileType = sourcecode.swift; path = sampleCustomCameraTests.swift; sourceTree = "<group>"; };
		041B740F1C967B110009D043 /* Info.plist */ = {isa = PBXFileReference; lastKnownFileType = text.plist.xml; path = Info.plist; sourceTree = "<group>"; };
		041B74141C967B110009D043 /* sampleCustomCameraUITests.xctest */ = {isa = PBXFileReference; explicitFileType = wrapper.cfbundle; includeInIndex = 0; path = sampleCustomCameraUITests.xctest; sourceTree = BUILT_PRODUCTS_DIR; };
		041B74181C967B110009D043 /* sampleCustomCameraUITests.swift */ = {isa = PBXFileReference; lastKnownFileType = sourcecode.swift; path = sampleCustomCameraUITests.swift; sourceTree = "<group>"; };
		041B741A1C967B110009D043 /* Info.plist */ = {isa = PBXFileReference; lastKnownFileType = text.plist.xml; path = Info.plist; sourceTree = "<group>"; };
		041B74271C967C0D0009D043 /* camera.png */ = {isa = PBXFileReference; lastKnownFileType = image.png; path = camera.png; sourceTree = "<group>"; };
		041B74291C967CB10009D043 /* WMCamera.swift */ = {isa = PBXFileReference; fileEncoding = 4; lastKnownFileType = sourcecode.swift; path = WMCamera.swift; sourceTree = "<group>"; };
		041B74301C967DEE0009D043 /* AVFoundation.framework */ = {isa = PBXFileReference; lastKnownFileType = wrapper.framework; name = AVFoundation.framework; path = System/Library/Frameworks/AVFoundation.framework; sourceTree = SDKROOT; };
		041B74321C967DF90009D043 /* AssetsLibrary.framework */ = {isa = PBXFileReference; lastKnownFileType = wrapper.framework; name = AssetsLibrary.framework; path = System/Library/Frameworks/AssetsLibrary.framework; sourceTree = SDKROOT; };
		041B74341C96AFC00009D043 /* flash.png */ = {isa = PBXFileReference; lastKnownFileType = image.png; path = flash.png; sourceTree = "<group>"; };
		041B74351C96AFC00009D043 /* retry.png */ = {isa = PBXFileReference; lastKnownFileType = image.png; path = retry.png; sourceTree = "<group>"; };
		0E4FA5010F7AF1F9CAD6277E /* Pods-sampleCustomCamera.debug.xcconfig */ = {isa = PBXFileReference; includeInIndex = 1; lastKnownFileType = text.xcconfig; name = "Pods-sampleCustomCamera.debug.xcconfig"; path = "Pods/Target Support Files/Pods-sampleCustomCamera/Pods-sampleCustomCamera.debug.xcconfig"; sourceTree = "<group>"; };
		25B5994D17C71D8561E5EE4C /* Pods-sampleCustomCamera.release.xcconfig */ = {isa = PBXFileReference; includeInIndex = 1; lastKnownFileType = text.xcconfig; name = "Pods-sampleCustomCamera.release.xcconfig"; path = "Pods/Target Support Files/Pods-sampleCustomCamera/Pods-sampleCustomCamera.release.xcconfig"; sourceTree = "<group>"; };
		2E17F51B4C8602075DEF1099 /* Pods-sampleCustomCameraUITests.debug.xcconfig */ = {isa = PBXFileReference; includeInIndex = 1; lastKnownFileType = text.xcconfig; name = "Pods-sampleCustomCameraUITests.debug.xcconfig"; path = "Pods/Target Support Files/Pods-sampleCustomCameraUITests/Pods-sampleCustomCameraUITests.debug.xcconfig"; sourceTree = "<group>"; };
		3AE2A45D46CEA5D82957A0CB /* Pods-sampleCustomCameraTests.release.xcconfig */ = {isa = PBXFileReference; includeInIndex = 1; lastKnownFileType = text.xcconfig; name = "Pods-sampleCustomCameraTests.release.xcconfig"; path = "Pods/Target Support Files/Pods-sampleCustomCameraTests/Pods-sampleCustomCameraTests.release.xcconfig"; sourceTree = "<group>"; };
		3FB6509DE57D60262303A09E /* Pods_sampleCustomCamera.framework */ = {isa = PBXFileReference; explicitFileType = wrapper.framework; includeInIndex = 0; path = Pods_sampleCustomCamera.framework; sourceTree = BUILT_PRODUCTS_DIR; };
		4F47FDE0C1E8A8EA88EE51FC /* Pods-sampleCustomCameraUITests.release.xcconfig */ = {isa = PBXFileReference; includeInIndex = 1; lastKnownFileType = text.xcconfig; name = "Pods-sampleCustomCameraUITests.release.xcconfig"; path = "Pods/Target Support Files/Pods-sampleCustomCameraUITests/Pods-sampleCustomCameraUITests.release.xcconfig"; sourceTree = "<group>"; };
		78685977B9483947252D88C3 /* Pods-sampleCustomCameraTests.debug.xcconfig */ = {isa = PBXFileReference; includeInIndex = 1; lastKnownFileType = text.xcconfig; name = "Pods-sampleCustomCameraTests.debug.xcconfig"; path = "Pods/Target Support Files/Pods-sampleCustomCameraTests/Pods-sampleCustomCameraTests.debug.xcconfig"; sourceTree = "<group>"; };
		7A30DDF11D7A43C2006A8A27 /* test_local.mp4 */ = {isa = PBXFileReference; fileEncoding = 4; lastKnownFileType = text; path = test_local.mp4; sourceTree = "<group>"; };
		F45CD3BCF0172DCEF8DB2400 /* Pods_sampleCustomCameraTests.framework */ = {isa = PBXFileReference; explicitFileType = wrapper.framework; includeInIndex = 0; path = Pods_sampleCustomCameraTests.framework; sourceTree = BUILT_PRODUCTS_DIR; };
/* End PBXFileReference section */

/* Begin PBXFrameworksBuildPhase section */
		041B73EF1C967B110009D043 /* Frameworks */ = {
			isa = PBXFrameworksBuildPhase;
			buildActionMask = 2147483647;
			files = (
				041B74331C967DF90009D043 /* AssetsLibrary.framework in Frameworks */,
				041B74311C967DEE0009D043 /* AVFoundation.framework in Frameworks */,
				3CBFB12DF462C2EC51E84844 /* Pods_sampleCustomCamera.framework in Frameworks */,
			);
			runOnlyForDeploymentPostprocessing = 0;
		};
		041B74061C967B110009D043 /* Frameworks */ = {
			isa = PBXFrameworksBuildPhase;
			buildActionMask = 2147483647;
			files = (
				0C83B68CE1E692070319988F /* Pods_sampleCustomCameraTests.framework in Frameworks */,
			);
			runOnlyForDeploymentPostprocessing = 0;
		};
		041B74111C967B110009D043 /* Frameworks */ = {
			isa = PBXFrameworksBuildPhase;
			buildActionMask = 2147483647;
			files = (
				2681E2C9057FE87E13358E9A /* Pods_sampleCustomCameraUITests.framework in Frameworks */,
			);
			runOnlyForDeploymentPostprocessing = 0;
		};
/* End PBXFrameworksBuildPhase section */

/* Begin PBXGroup section */
		041B73E91C967B110009D043 = {
			isa = PBXGroup;
			children = (
				041B742F1C967DE00009D043 /* Library */,
				041B74261C967C0D0009D043 /* icon */,
				041B73F41C967B110009D043 /* sampleCustomCamera */,
				041B740C1C967B110009D043 /* sampleCustomCameraTests */,
				041B74171C967B110009D043 /* sampleCustomCameraUITests */,
				041B73F31C967B110009D043 /* Products */,
				A8AB531114B3BE3A3CA81FFB /* Pods */,
				F3E8F1B603E7DECC87AD44B5 /* Frameworks */,
			);
			sourceTree = "<group>";
		};
		041B73F31C967B110009D043 /* Products */ = {
			isa = PBXGroup;
			children = (
				041B73F21C967B110009D043 /* sampleCustomCamera.app */,
				041B74091C967B110009D043 /* sampleCustomCameraTests.xctest */,
				041B74141C967B110009D043 /* sampleCustomCameraUITests.xctest */,
			);
			name = Products;
			sourceTree = "<group>";
		};
		041B73F41C967B110009D043 /* sampleCustomCamera */ = {
			isa = PBXGroup;
			children = (
				041B73F51C967B110009D043 /* AppDelegate.swift */,
				041B73F71C967B110009D043 /* ViewController.swift */,
				041B74291C967CB10009D043 /* WMCamera.swift */,
				7A30DDF11D7A43C2006A8A27 /* test_local.mp4 */,
				041B73F91C967B110009D043 /* Main.storyboard */,
				041B73FF1C967B110009D043 /* Assets.xcassets */,
				041B74011C967B110009D043 /* LaunchScreen.storyboard */,
				041B74041C967B110009D043 /* Info.plist */,
				041B73FC1C967B110009D043 /* sampleCustomCamera.xcdatamodeld */,
			);
			path = sampleCustomCamera;
			sourceTree = "<group>";
		};
		041B740C1C967B110009D043 /* sampleCustomCameraTests */ = {
			isa = PBXGroup;
			children = (
				041B740D1C967B110009D043 /* sampleCustomCameraTests.swift */,
				041B740F1C967B110009D043 /* Info.plist */,
			);
			path = sampleCustomCameraTests;
			sourceTree = "<group>";
		};
		041B74171C967B110009D043 /* sampleCustomCameraUITests */ = {
			isa = PBXGroup;
			children = (
				041B74181C967B110009D043 /* sampleCustomCameraUITests.swift */,
				041B741A1C967B110009D043 /* Info.plist */,
			);
			path = sampleCustomCameraUITests;
			sourceTree = "<group>";
		};
		041B74261C967C0D0009D043 /* icon */ = {
			isa = PBXGroup;
			children = (
				041B74341C96AFC00009D043 /* flash.png */,
				041B74351C96AFC00009D043 /* retry.png */,
				041B74271C967C0D0009D043 /* camera.png */,
			);
			path = icon;
			sourceTree = "<group>";
		};
		041B742F1C967DE00009D043 /* Library */ = {
			isa = PBXGroup;
			children = (
				041B74321C967DF90009D043 /* AssetsLibrary.framework */,
				041B74301C967DEE0009D043 /* AVFoundation.framework */,
			);
			path = Library;
			sourceTree = "<group>";
		};
		A8AB531114B3BE3A3CA81FFB /* Pods */ = {
			isa = PBXGroup;
			children = (
				0E4FA5010F7AF1F9CAD6277E /* Pods-sampleCustomCamera.debug.xcconfig */,
				25B5994D17C71D8561E5EE4C /* Pods-sampleCustomCamera.release.xcconfig */,
				78685977B9483947252D88C3 /* Pods-sampleCustomCameraTests.debug.xcconfig */,
				3AE2A45D46CEA5D82957A0CB /* Pods-sampleCustomCameraTests.release.xcconfig */,
				2E17F51B4C8602075DEF1099 /* Pods-sampleCustomCameraUITests.debug.xcconfig */,
				4F47FDE0C1E8A8EA88EE51FC /* Pods-sampleCustomCameraUITests.release.xcconfig */,
			);
			name = Pods;
			sourceTree = "<group>";
		};
		F3E8F1B603E7DECC87AD44B5 /* Frameworks */ = {
			isa = PBXGroup;
			children = (
				3FB6509DE57D60262303A09E /* Pods_sampleCustomCamera.framework */,
				F45CD3BCF0172DCEF8DB2400 /* Pods_sampleCustomCameraTests.framework */,
				01C01DA2CBF9A962ED177B43 /* Pods_sampleCustomCameraUITests.framework */,
			);
			name = Frameworks;
			sourceTree = "<group>";
		};
/* End PBXGroup section */

/* Begin PBXNativeTarget section */
		041B73F11C967B110009D043 /* sampleCustomCamera */ = {
			isa = PBXNativeTarget;
			buildConfigurationList = 041B741D1C967B110009D043 /* Build configuration list for PBXNativeTarget "sampleCustomCamera" */;
			buildPhases = (
				BBE5B6859DCF63476872A7E9 /* [CP] Check Pods Manifest.lock */,
				041B73EE1C967B110009D043 /* Sources */,
				041B73EF1C967B110009D043 /* Frameworks */,
				041B73F01C967B110009D043 /* Resources */,
				3CAE568106DE945D76491D5B /* [CP] Embed Pods Frameworks */,
				49ECF490119DCA2B50573E59 /* [CP] Copy Pods Resources */,
			);
			buildRules = (
			);
			dependencies = (
			);
			name = sampleCustomCamera;
			productName = sampleCustomCamera;
			productReference = 041B73F21C967B110009D043 /* sampleCustomCamera.app */;
			productType = "com.apple.product-type.application";
		};
		041B74081C967B110009D043 /* sampleCustomCameraTests */ = {
			isa = PBXNativeTarget;
			buildConfigurationList = 041B74201C967B110009D043 /* Build configuration list for PBXNativeTarget "sampleCustomCameraTests" */;
			buildPhases = (
				AF07A45286F919755C248068 /* [CP] Check Pods Manifest.lock */,
				041B74051C967B110009D043 /* Sources */,
				041B74061C967B110009D043 /* Frameworks */,
				041B74071C967B110009D043 /* Resources */,
				2714B77CFDCD6BABC4D0ED77 /* [CP] Embed Pods Frameworks */,
				4EBC5CF18533E5AFEDC691EC /* [CP] Copy Pods Resources */,
			);
			buildRules = (
			);
			dependencies = (
				041B740B1C967B110009D043 /* PBXTargetDependency */,
			);
			name = sampleCustomCameraTests;
			productName = sampleCustomCameraTests;
			productReference = 041B74091C967B110009D043 /* sampleCustomCameraTests.xctest */;
			productType = "com.apple.product-type.bundle.unit-test";
		};
		041B74131C967B110009D043 /* sampleCustomCameraUITests */ = {
			isa = PBXNativeTarget;
			buildConfigurationList = 041B74231C967B110009D043 /* Build configuration list for PBXNativeTarget "sampleCustomCameraUITests" */;
			buildPhases = (
				F3C3E633BE28D52C7B2737D8 /* [CP] Check Pods Manifest.lock */,
				041B74101C967B110009D043 /* Sources */,
				041B74111C967B110009D043 /* Frameworks */,
				041B74121C967B110009D043 /* Resources */,
				A585BD64C64B3618E59FBA9C /* [CP] Copy Pods Resources */,
			);
			buildRules = (
			);
			dependencies = (
				041B74161C967B110009D043 /* PBXTargetDependency */,
			);
			name = sampleCustomCameraUITests;
			productName = sampleCustomCameraUITests;
			productReference = 041B74141C967B110009D043 /* sampleCustomCameraUITests.xctest */;
			productType = "com.apple.product-type.bundle.ui-testing";
		};
/* End PBXNativeTarget section */

/* Begin PBXProject section */
		041B73EA1C967B110009D043 /* Project object */ = {
			isa = PBXProject;
			attributes = {
				LastSwiftUpdateCheck = 0720;
				LastUpgradeCheck = 0720;
				ORGANIZATIONNAME = "wataru maeda";
				TargetAttributes = {
					041B73F11C967B110009D043 = {
						CreatedOnToolsVersion = 7.2.1;
					};
					041B74081C967B110009D043 = {
						CreatedOnToolsVersion = 7.2.1;
						TestTargetID = 041B73F11C967B110009D043;
					};
					041B74131C967B110009D043 = {
						CreatedOnToolsVersion = 7.2.1;
						TestTargetID = 041B73F11C967B110009D043;
					};
				};
			};
			buildConfigurationList = 041B73ED1C967B110009D043 /* Build configuration list for PBXProject "sampleCustomCamera" */;
			compatibilityVersion = "Xcode 3.2";
			developmentRegion = English;
			hasScannedForEncodings = 0;
			knownRegions = (
				en,
				Base,
			);
			mainGroup = 041B73E91C967B110009D043;
			productRefGroup = 041B73F31C967B110009D043 /* Products */;
			projectDirPath = "";
			projectRoot = "";
			targets = (
				041B73F11C967B110009D043 /* sampleCustomCamera */,
				041B74081C967B110009D043 /* sampleCustomCameraTests */,
				041B74131C967B110009D043 /* sampleCustomCameraUITests */,
			);
		};
/* End PBXProject section */

/* Begin PBXResourcesBuildPhase section */
		041B73F01C967B110009D043 /* Resources */ = {
			isa = PBXResourcesBuildPhase;
			buildActionMask = 2147483647;
			files = (
				7A30DDF21D7A43C2006A8A27 /* test_local.mp4 in Resources */,
				041B74031C967B110009D043 /* LaunchScreen.storyboard in Resources */,
				041B74001C967B110009D043 /* Assets.xcassets in Resources */,
				041B74281C967C0D0009D043 /* camera.png in Resources */,
				041B74361C96AFC00009D043 /* flash.png in Resources */,
				041B74371C96AFC00009D043 /* retry.png in Resources */,
				041B73FB1C967B110009D043 /* Main.storyboard in Resources */,
			);
			runOnlyForDeploymentPostprocessing = 0;
		};
		041B74071C967B110009D043 /* Resources */ = {
			isa = PBXResourcesBuildPhase;
			buildActionMask = 2147483647;
			files = (
			);
			runOnlyForDeploymentPostprocessing = 0;
		};
		041B74121C967B110009D043 /* Resources */ = {
			isa = PBXResourcesBuildPhase;
			buildActionMask = 2147483647;
			files = (
			);
			runOnlyForDeploymentPostprocessing = 0;
		};
/* End PBXResourcesBuildPhase section */

/* Begin PBXShellScriptBuildPhase section */
		2714B77CFDCD6BABC4D0ED77 /* [CP] Embed Pods Frameworks */ = {
			isa = PBXShellScriptBuildPhase;
			buildActionMask = 2147483647;
			files = (
			);
			inputPaths = (
			);
			name = "[CP] Embed Pods Frameworks";
			outputPaths = (
			);
			runOnlyForDeploymentPostprocessing = 0;
			shellPath = /bin/sh;
			shellScript = "\"${SRCROOT}/Pods/Target Support Files/Pods-sampleCustomCameraTests/Pods-sampleCustomCameraTests-frameworks.sh\"\n";
			showEnvVarsInLog = 0;
		};
		3CAE568106DE945D76491D5B /* [CP] Embed Pods Frameworks */ = {
			isa = PBXShellScriptBuildPhase;
			buildActionMask = 2147483647;
			files = (
			);
			inputPaths = (
			);
			name = "[CP] Embed Pods Frameworks";
			outputPaths = (
			);
			runOnlyForDeploymentPostprocessing = 0;
			shellPath = /bin/sh;
			shellScript = "\"${SRCROOT}/Pods/Target Support Files/Pods-sampleCustomCamera/Pods-sampleCustomCamera-frameworks.sh\"\n";
			showEnvVarsInLog = 0;
		};
		49ECF490119DCA2B50573E59 /* [CP] Copy Pods Resources */ = {
			isa = PBXShellScriptBuildPhase;
			buildActionMask = 2147483647;
			files = (
			);
			inputPaths = (
			);
			name = "[CP] Copy Pods Resources";
			outputPaths = (
			);
			runOnlyForDeploymentPostprocessing = 0;
			shellPath = /bin/sh;
			shellScript = "\"${SRCROOT}/Pods/Target Support Files/Pods-sampleCustomCamera/Pods-sampleCustomCamera-resources.sh\"\n";
			showEnvVarsInLog = 0;
		};
		4EBC5CF18533E5AFEDC691EC /* [CP] Copy Pods Resources */ = {
			isa = PBXShellScriptBuildPhase;
			buildActionMask = 2147483647;
			files = (
			);
			inputPaths = (
			);
			name = "[CP] Copy Pods Resources";
			outputPaths = (
			);
			runOnlyForDeploymentPostprocessing = 0;
			shellPath = /bin/sh;
			shellScript = "\"${SRCROOT}/Pods/Target Support Files/Pods-sampleCustomCameraTests/Pods-sampleCustomCameraTests-resources.sh\"\n";
			showEnvVarsInLog = 0;
		};
		A585BD64C64B3618E59FBA9C /* [CP] Copy Pods Resources */ = {
			isa = PBXShellScriptBuildPhase;
			buildActionMask = 2147483647;
			files = (
			);
			inputPaths = (
			);
			name = "[CP] Copy Pods Resources";
			outputPaths = (
			);
			runOnlyForDeploymentPostprocessing = 0;
			shellPath = /bin/sh;
			shellScript = "\"${SRCROOT}/Pods/Target Support Files/Pods-sampleCustomCameraUITests/Pods-sampleCustomCameraUITests-resources.sh\"\n";
			showEnvVarsInLog = 0;
		};
		AF07A45286F919755C248068 /* [CP] Check Pods Manifest.lock */ = {
			isa = PBXShellScriptBuildPhase;
			buildActionMask = 2147483647;
			files = (
			);
			inputPaths = (
			);
			name = "[CP] Check Pods Manifest.lock";
			outputPaths = (
			);
			runOnlyForDeploymentPostprocessing = 0;
			shellPath = /bin/sh;
			shellScript = "diff \"${PODS_ROOT}/../Podfile.lock\" \"${PODS_ROOT}/Manifest.lock\" > /dev/null\nif [[ $? != 0 ]] ; then\n    cat << EOM\nerror: The sandbox is not in sync with the Podfile.lock. Run 'pod install' or update your CocoaPods installation.\nEOM\n    exit 1\nfi\n";
			showEnvVarsInLog = 0;
		};
		BBE5B6859DCF63476872A7E9 /* [CP] Check Pods Manifest.lock */ = {
			isa = PBXShellScriptBuildPhase;
			buildActionMask = 2147483647;
			files = (
			);
			inputPaths = (
			);
			name = "[CP] Check Pods Manifest.lock";
			outputPaths = (
			);
			runOnlyForDeploymentPostprocessing = 0;
			shellPath = /bin/sh;
			shellScript = "diff \"${PODS_ROOT}/../Podfile.lock\" \"${PODS_ROOT}/Manifest.lock\" > /dev/null\nif [[ $? != 0 ]] ; then\n    cat << EOM\nerror: The sandbox is not in sync with the Podfile.lock. Run 'pod install' or update your CocoaPods installation.\nEOM\n    exit 1\nfi\n";
			showEnvVarsInLog = 0;
		};
		F3C3E633BE28D52C7B2737D8 /* [CP] Check Pods Manifest.lock */ = {
			isa = PBXShellScriptBuildPhase;
			buildActionMask = 2147483647;
			files = (
			);
			inputPaths = (
			);
			name = "[CP] Check Pods Manifest.lock";
			outputPaths = (
			);
			runOnlyForDeploymentPostprocessing = 0;
			shellPath = /bin/sh;
			shellScript = "diff \"${PODS_ROOT}/../Podfile.lock\" \"${PODS_ROOT}/Manifest.lock\" > /dev/null\nif [[ $? != 0 ]] ; then\n    cat << EOM\nerror: The sandbox is not in sync with the Podfile.lock. Run 'pod install' or update your CocoaPods installation.\nEOM\n    exit 1\nfi\n";
			showEnvVarsInLog = 0;
		};
/* End PBXShellScriptBuildPhase section */

/* Begin PBXSourcesBuildPhase section */
		041B73EE1C967B110009D043 /* Sources */ = {
			isa = PBXSourcesBuildPhase;
			buildActionMask = 2147483647;
			files = (
				041B73FE1C967B110009D043 /* sampleCustomCamera.xcdatamodeld in Sources */,
				041B73F81C967B110009D043 /* ViewController.swift in Sources */,
				041B742A1C967CB10009D043 /* WMCamera.swift in Sources */,
				041B73F61C967B110009D043 /* AppDelegate.swift in Sources */,
			);
			runOnlyForDeploymentPostprocessing = 0;
		};
		041B74051C967B110009D043 /* Sources */ = {
			isa = PBXSourcesBuildPhase;
			buildActionMask = 2147483647;
			files = (
				041B740E1C967B110009D043 /* sampleCustomCameraTests.swift in Sources */,
			);
			runOnlyForDeploymentPostprocessing = 0;
		};
		041B74101C967B110009D043 /* Sources */ = {
			isa = PBXSourcesBuildPhase;
			buildActionMask = 2147483647;
			files = (
				041B74191C967B110009D043 /* sampleCustomCameraUITests.swift in Sources */,
			);
			runOnlyForDeploymentPostprocessing = 0;
		};
/* End PBXSourcesBuildPhase section */

/* Begin PBXTargetDependency section */
		041B740B1C967B110009D043 /* PBXTargetDependency */ = {
			isa = PBXTargetDependency;
			target = 041B73F11C967B110009D043 /* sampleCustomCamera */;
			targetProxy = 041B740A1C967B110009D043 /* PBXContainerItemProxy */;
		};
		041B74161C967B110009D043 /* PBXTargetDependency */ = {
			isa = PBXTargetDependency;
			target = 041B73F11C967B110009D043 /* sampleCustomCamera */;
			targetProxy = 041B74151C967B110009D043 /* PBXContainerItemProxy */;
		};
/* End PBXTargetDependency section */

/* Begin PBXVariantGroup section */
		041B73F91C967B110009D043 /* Main.storyboard */ = {
			isa = PBXVariantGroup;
			children = (
				041B73FA1C967B110009D043 /* Base */,
			);
			name = Main.storyboard;
			sourceTree = "<group>";
		};
		041B74011C967B110009D043 /* LaunchScreen.storyboard */ = {
			isa = PBXVariantGroup;
			children = (
				041B74021C967B110009D043 /* Base */,
			);
			name = LaunchScreen.storyboard;
			sourceTree = "<group>";
		};
/* End PBXVariantGroup section */

/* Begin XCBuildConfiguration section */
		041B741B1C967B110009D043 /* Debug */ = {
			isa = XCBuildConfiguration;
			buildSettings = {
				ALWAYS_SEARCH_USER_PATHS = NO;
				CLANG_CXX_LANGUAGE_STANDARD = "gnu++0x";
				CLANG_CXX_LIBRARY = "libc++";
				CLANG_ENABLE_MODULES = YES;
				CLANG_ENABLE_OBJC_ARC = YES;
				CLANG_WARN_BOOL_CONVERSION = YES;
				CLANG_WARN_CONSTANT_CONVERSION = YES;
				CLANG_WARN_DIRECT_OBJC_ISA_USAGE = YES_ERROR;
				CLANG_WARN_EMPTY_BODY = YES;
				CLANG_WARN_ENUM_CONVERSION = YES;
				CLANG_WARN_INT_CONVERSION = YES;
				CLANG_WARN_OBJC_ROOT_CLASS = YES_ERROR;
				CLANG_WARN_UNREACHABLE_CODE = YES;
				CLANG_WARN__DUPLICATE_METHOD_MATCH = YES;
				"CODE_SIGN_IDENTITY[sdk=iphoneos*]" = "iPhone Developer";
				COPY_PHASE_STRIP = NO;
				DEBUG_INFORMATION_FORMAT = dwarf;
				ENABLE_STRICT_OBJC_MSGSEND = YES;
				ENABLE_TESTABILITY = YES;
				GCC_C_LANGUAGE_STANDARD = gnu99;
				GCC_DYNAMIC_NO_PIC = NO;
				GCC_NO_COMMON_BLOCKS = YES;
				GCC_OPTIMIZATION_LEVEL = 0;
				GCC_PREPROCESSOR_DEFINITIONS = (
					"DEBUG=1",
					"$(inherited)",
				);
				GCC_WARN_64_TO_32_BIT_CONVERSION = YES;
				GCC_WARN_ABOUT_RETURN_TYPE = YES_ERROR;
				GCC_WARN_UNDECLARED_SELECTOR = YES;
				GCC_WARN_UNINITIALIZED_AUTOS = YES_AGGRESSIVE;
				GCC_WARN_UNUSED_FUNCTION = YES;
				GCC_WARN_UNUSED_VARIABLE = YES;
				IPHONEOS_DEPLOYMENT_TARGET = 9.2;
				MTL_ENABLE_DEBUG_INFO = YES;
				ONLY_ACTIVE_ARCH = YES;
				SDKROOT = iphoneos;
				SWIFT_OPTIMIZATION_LEVEL = "-Onone";
				TARGETED_DEVICE_FAMILY = "1,2";
			};
			name = Debug;
		};
		041B741C1C967B110009D043 /* Release */ = {
			isa = XCBuildConfiguration;
			buildSettings = {
				ALWAYS_SEARCH_USER_PATHS = NO;
				CLANG_CXX_LANGUAGE_STANDARD = "gnu++0x";
				CLANG_CXX_LIBRARY = "libc++";
				CLANG_ENABLE_MODULES = YES;
				CLANG_ENABLE_OBJC_ARC = YES;
				CLANG_WARN_BOOL_CONVERSION = YES;
				CLANG_WARN_CONSTANT_CONVERSION = YES;
				CLANG_WARN_DIRECT_OBJC_ISA_USAGE = YES_ERROR;
				CLANG_WARN_EMPTY_BODY = YES;
				CLANG_WARN_ENUM_CONVERSION = YES;
				CLANG_WARN_INT_CONVERSION = YES;
				CLANG_WARN_OBJC_ROOT_CLASS = YES_ERROR;
				CLANG_WARN_UNREACHABLE_CODE = YES;
				CLANG_WARN__DUPLICATE_METHOD_MATCH = YES;
				"CODE_SIGN_IDENTITY[sdk=iphoneos*]" = "iPhone Developer";
				COPY_PHASE_STRIP = NO;
				DEBUG_INFORMATION_FORMAT = "dwarf-with-dsym";
				ENABLE_NS_ASSERTIONS = NO;
				ENABLE_STRICT_OBJC_MSGSEND = YES;
				GCC_C_LANGUAGE_STANDARD = gnu99;
				GCC_NO_COMMON_BLOCKS = YES;
				GCC_WARN_64_TO_32_BIT_CONVERSION = YES;
				GCC_WARN_ABOUT_RETURN_TYPE = YES_ERROR;
				GCC_WARN_UNDECLARED_SELECTOR = YES;
				GCC_WARN_UNINITIALIZED_AUTOS = YES_AGGRESSIVE;
				GCC_WARN_UNUSED_FUNCTION = YES;
				GCC_WARN_UNUSED_VARIABLE = YES;
				IPHONEOS_DEPLOYMENT_TARGET = 9.2;
				MTL_ENABLE_DEBUG_INFO = NO;
				SDKROOT = iphoneos;
				TARGETED_DEVICE_FAMILY = "1,2";
				VALIDATE_PRODUCT = YES;
			};
			name = Release;
		};
		041B741E1C967B110009D043 /* Debug */ = {
			isa = XCBuildConfiguration;
			baseConfigurationReference = 0E4FA5010F7AF1F9CAD6277E /* Pods-sampleCustomCamera.debug.xcconfig */;
			buildSettings = {
				ASSETCATALOG_COMPILER_APPICON_NAME = AppIcon;
				INFOPLIST_FILE = sampleCustomCamera/Info.plist;
				LD_RUNPATH_SEARCH_PATHS = "$(inherited) @executable_path/Frameworks";
				PRODUCT_BUNDLE_IDENTIFIER = ii.sampleCustomCamera;
				PRODUCT_NAME = "$(TARGET_NAME)";
			};
			name = Debug;
		};
		041B741F1C967B110009D043 /* Release */ = {
			isa = XCBuildConfiguration;
			baseConfigurationReference = 25B5994D17C71D8561E5EE4C /* Pods-sampleCustomCamera.release.xcconfig */;
			buildSettings = {
				ASSETCATALOG_COMPILER_APPICON_NAME = AppIcon;
				INFOPLIST_FILE = sampleCustomCamera/Info.plist;
				LD_RUNPATH_SEARCH_PATHS = "$(inherited) @executable_path/Frameworks";
				PRODUCT_BUNDLE_IDENTIFIER = ii.sampleCustomCamera;
				PRODUCT_NAME = "$(TARGET_NAME)";
			};
			name = Release;
		};
		041B74211C967B110009D043 /* Debug */ = {
			isa = XCBuildConfiguration;
			baseConfigurationReference = 78685977B9483947252D88C3 /* Pods-sampleCustomCameraTests.debug.xcconfig */;
			buildSettings = {
				BUNDLE_LOADER = "$(TEST_HOST)";
				INFOPLIST_FILE = sampleCustomCameraTests/Info.plist;
				LD_RUNPATH_SEARCH_PATHS = "$(inherited) @executable_path/Frameworks @loader_path/Frameworks";
				PRODUCT_BUNDLE_IDENTIFIER = ii.sampleCustomCameraTests;
				PRODUCT_NAME = "$(TARGET_NAME)";
				TEST_HOST = "$(BUILT_PRODUCTS_DIR)/sampleCustomCamera.app/sampleCustomCamera";
			};
			name = Debug;
		};
		041B74221C967B110009D043 /* Release */ = {
			isa = XCBuildConfiguration;
			baseConfigurationReference = 3AE2A45D46CEA5D82957A0CB /* Pods-sampleCustomCameraTests.release.xcconfig */;
			buildSettings = {
				BUNDLE_LOADER = "$(TEST_HOST)";
				INFOPLIST_FILE = sampleCustomCameraTests/Info.plist;
				LD_RUNPATH_SEARCH_PATHS = "$(inherited) @executable_path/Frameworks @loader_path/Frameworks";
				PRODUCT_BUNDLE_IDENTIFIER = ii.sampleCustomCameraTests;
				PRODUCT_NAME = "$(TARGET_NAME)";
				TEST_HOST = "$(BUILT_PRODUCTS_DIR)/sampleCustomCamera.app/sampleCustomCamera";
			};
			name = Release;
		};
		041B74241C967B110009D043 /* Debug */ = {
			isa = XCBuildConfiguration;
			baseConfigurationReference = 2E17F51B4C8602075DEF1099 /* Pods-sampleCustomCameraUITests.debug.xcconfig */;
			buildSettings = {
				INFOPLIST_FILE = sampleCustomCameraUITests/Info.plist;
				LD_RUNPATH_SEARCH_PATHS = "$(inherited) @executable_path/Frameworks @loader_path/Frameworks";
				PRODUCT_BUNDLE_IDENTIFIER = ii.sampleCustomCameraUITests;
				PRODUCT_NAME = "$(TARGET_NAME)";
				TEST_TARGET_NAME = sampleCustomCamera;
				USES_XCTRUNNER = YES;
			};
			name = Debug;
		};
		041B74251C967B110009D043 /* Release */ = {
			isa = XCBuildConfiguration;
			baseConfigurationReference = 4F47FDE0C1E8A8EA88EE51FC /* Pods-sampleCustomCameraUITests.release.xcconfig */;
			buildSettings = {
				INFOPLIST_FILE = sampleCustomCameraUITests/Info.plist;
				LD_RUNPATH_SEARCH_PATHS = "$(inherited) @executable_path/Frameworks @loader_path/Frameworks";
				PRODUCT_BUNDLE_IDENTIFIER = ii.sampleCustomCameraUITests;
				PRODUCT_NAME = "$(TARGET_NAME)";
				TEST_TARGET_NAME = sampleCustomCamera;
				USES_XCTRUNNER = YES;
			};
			name = Release;
		};
/* End XCBuildConfiguration section */

/* Begin XCConfigurationList section */
		041B73ED1C967B110009D043 /* Build configuration list for PBXProject "sampleCustomCamera" */ = {
			isa = XCConfigurationList;
			buildConfigurations = (
				041B741B1C967B110009D043 /* Debug */,
				041B741C1C967B110009D043 /* Release */,
			);
			defaultConfigurationIsVisible = 0;
			defaultConfigurationName = Release;
		};
		041B741D1C967B110009D043 /* Build configuration list for PBXNativeTarget "sampleCustomCamera" */ = {
			isa = XCConfigurationList;
			buildConfigurations = (
				041B741E1C967B110009D043 /* Debug */,
				041B741F1C967B110009D043 /* Release */,
			);
			defaultConfigurationIsVisible = 0;
			defaultConfigurationName = Release;
		};
		041B74201C967B110009D043 /* Build configuration list for PBXNativeTarget "sampleCustomCameraTests" */ = {
			isa = XCConfigurationList;
			buildConfigurations = (
				041B74211C967B110009D043 /* Debug */,
				041B74221C967B110009D043 /* Release */,
			);
			defaultConfigurationIsVisible = 0;
			defaultConfigurationName = Release;
		};
		041B74231C967B110009D043 /* Build configuration list for PBXNativeTarget "sampleCustomCameraUITests" */ = {
			isa = XCConfigurationList;
			buildConfigurations = (
				041B74241C967B110009D043 /* Debug */,
				041B74251C967B110009D043 /* Release */,
			);
			defaultConfigurationIsVisible = 0;
			defaultConfigurationName = Release;
		};
/* End XCConfigurationList section */

/* Begin XCVersionGroup section */
		041B73FC1C967B110009D043 /* sampleCustomCamera.xcdatamodeld */ = {
			isa = XCVersionGroup;
			children = (
				041B73FD1C967B110009D043 /* sampleCustomCamera.xcdatamodel */,
			);
			currentVersion = 041B73FD1C967B110009D043 /* sampleCustomCamera.xcdatamodel */;
			path = sampleCustomCamera.xcdatamodeld;
			sourceTree = "<group>";
			versionGroupType = wrapper.xcdatamodel;
		};
/* End XCVersionGroup section */
	};
	rootObject = 041B73EA1C967B110009D043 /* Project object */;
}
